version = 5
projectResolutionFingerprint = "sha256:6c65b97888d291732cae8422d314fd6348bf884c092f2232b6d623f27c665810"
projectResolutionInputFingerprints = ["dependencies.compile.workspace=sha256:9f3dc632662d9dd2d8d02897640477a46405bcd873ca89a6b4da7b58b435faef", "dependencies.compile=sha256:c77455d8d799d0b5280b6b25ac79c484368a1642245888c9b9e7ae3d089ce31e", "dependencies.processor=sha256:619b872323dcd53f7edc3303ae33e1c7381ea3eb68d5eab5836f7995539f16ca", "dependencies.test.workspace=sha256:9fc2d1e7c8f27ced91d0c34c2192c6ead83f195b9bd01f3e73ae014d956abbb9", "dependencies.test=sha256:5043e85517a28c3dac7a38b61be9fbb2d4fa6469f3a25a0b8b271352b4466111", "framework.quarkus=sha256:e447fbb929f622fe6ee07267964cac8f31c0b3380d4a50b4733eba2ce094aab7", "framework.springBoot.native=sha256:eca2c053afaa9daa892c9a7dcb80c431439356de3724b3841f7ee18500069c37", "java=sha256:9e5c4096782117d2b8139207fa4fdf9e80b92d5ed9179ce0bfe3bf52419ef67f", "package=sha256:c41965c38d94cf655f518cb53f00195dfc234005ffdba352c937430ea8f66339", "platforms=sha256:d3167aa556b6809253fc04ff42658b908120900eda68f2da1287d87c40265059", "repositories=sha256:dcc5f3af1b99c8072c1647da662789806a8f0d81dbdb0428ac7ffde8a95ad172", "schema=sha256:40b669a1a6a7815062385f7fc502e7d61bc67947596fd4e7df7790f8759762d5"]
workspaceResolutionInputFingerprint = "sha256:2701617b05c0a9bee305bf154e36780d0e5be1cf7404675aa4878a8c43e2082c"

[[package]]
id = "args4j:args4j"
version = "2.0.28"
source = "maven-central"
scope = "tool-coverage"
direct = false
jar = "args4j/args4j/2.0.28/args4j-2.0.28.jar"
pom = "args4j/args4j/2.0.28/args4j-2.0.28.pom"
jarSha256 = "11b029a602e787e2bc08eb3b77eda1a4f5e8b263d22e3c5d6220cd5c51f30b18"
pomSha256 = "1f821c93660b7fa573692c305ca97092eab647cefeccfcb3f54771117c3737d3"
members = ["apps/jarproof", "guardrails/jarproof-architecture-tests", "modules/jarproof-api", "modules/jarproof-engine"]
dependencies = []

[[package]]
id = "com.fasterxml.jackson.core:jackson-annotations"
version = "2.22"
source = "maven-central"
scope = "test"
direct = false
jar = "com/fasterxml/jackson/core/jackson-annotations/2.22/jackson-annotations-2.22.jar"
pom = "com/fasterxml/jackson/core/jackson-annotations/2.22/jackson-annotations-2.22.pom"
jarSha256 = "21ddb598807d3a51a876704eb979d9296e1c6a6f47ab1826ff88c6d6a127a2d0"
pomSha256 = "38c3ba52a0eade3e3eacc5b13499d56e1038ccbad8ec4bb79426dc21432b46d0"
members = ["apps/jarproof"]
dependencies = []

[[package]]
id = "com.fasterxml.jackson.core:jackson-core"
version = "2.22.1"
source = "maven-central"
scope = "test"
direct = false
jar = "com/fasterxml/jackson/core/jackson-core/2.22.1/jackson-core-2.22.1.jar"
pom = "com/fasterxml/jackson/core/jackson-core/2.22.1/jackson-core-2.22.1.pom"
jarSha256 = "941ff029bcdb93e83d209ce516c1a7fb8bbac07d0a2fa122f5bf194b2cd7b4f4"
pomSha256 = "34551c6c8d72a4a2215fd05fdcf2f4e693eff99e6e54632bd57cf2674478e293"
members = ["apps/jarproof"]
dependencies = []

[[package]]
id = "com.fasterxml.jackson.core:jackson-databind"
version = "2.22.1"
source = "maven-central"
scope = "test"
direct = true
jar = "com/fasterxml/jackson/core/jackson-databind/2.22.1/jackson-databind-2.22.1.jar"
pom = "com/fasterxml/jackson/core/jackson-databind/2.22.1/jackson-databind-2.22.1.pom"
jarSha256 = "7dcd7e53bec1f56c7ad278bd1ca0840bebcc595d61ce44d6a8439abb75b965b2"
pomSha256 = "0bc8f98c7bd7232bc90324fc63c2f56f7ae92dee2bf0dc303669f4e2de8c1f69"
members = ["apps/jarproof"]
dependencies = ["com.fasterxml.jackson.core:jackson-annotations:2.22:jar:test", "com.fasterxml.jackson.core:jackson-core:2.22.1:jar:test"]

[[package]]
id = "com.google.errorprone:error_prone_annotations"
version = "2.47.0"
source = "maven-central"
scope = "test"
direct = false
jar = "com/google/errorprone/error_prone_annotations/2.47.0/error_prone_annotations-2.47.0.jar"
pom = "com/google/errorprone/error_prone_annotations/2.47.0/error_prone_annotations-2.47.0.pom"
jarSha256 = "5364bc6f22e72e98195e406a58d3ba1c09ffa11dea0729592cb870dc2de4056d"
pomSha256 = "d80c889a4a6f711f6945fbee79e05ec247b178a567e9d5abf58eb26ebf0a0752"
members = ["apps/jarproof"]
dependencies = []

[[package]]
id = "com.google.guava:failureaccess"
version = "1.0.3"
source = "maven-central"
scope = "test"
direct = false
jar = "com/google/guava/failureaccess/1.0.3/failureaccess-1.0.3.jar"
pom = "com/google/guava/failureaccess/1.0.3/failureaccess-1.0.3.pom"
jarSha256 = "cbfc3906b19b8f55dd7cfd6dfe0aa4532e834250d7f080bd8d211a3e246b59cb"
pomSha256 = "c54beff37f6d42d43e14722d54a522c9ad51ef97fc5b79277e62a3ebf882f3bb"
members = ["apps/jarproof"]
dependencies = []

[[package]]
id = "com.google.guava:guava"
version = "33.6.0-jre"
source = "maven-central"
scope = "test"
direct = true
jar = "com/google/guava/guava/33.6.0-jre/guava-33.6.0-jre.jar"
pom = "com/google/guava/guava/33.6.0-jre/guava-33.6.0-jre.pom"
jarSha256 = "dc573e1fca4fd5454f4a5fd3d7da2df03002876a4175bafc14a95980dd7713b3"
pomSha256 = "b45b78944280054311c53da9270809fb40dcabc408ce66ce55730099b4f57d32"
members = ["apps/jarproof"]
dependencies = ["com.google.errorprone:error_prone_annotations:2.47.0:jar:test", "com.google.guava:failureaccess:1.0.3:jar:test", "com.google.guava:listenablefuture:9999.0-empty-to-avoid-conflict-with-guava:jar:test", "com.google.j2objc:j2objc-annotations:3.1:jar:test", "org.jspecify:jspecify:1.0.0:jar:test"]

[[package]]
id = "com.google.guava:listenablefuture"
version = "9999.0-empty-to-avoid-conflict-with-guava"
source = "maven-central"
scope = "test"
direct = false
jar = "com/google/guava/listenablefuture/9999.0-empty-to-avoid-conflict-with-guava/listenablefuture-9999.0-empty-to-avoid-conflict-with-guava.jar"
pom = "com/google/guava/listenablefuture/9999.0-empty-to-avoid-conflict-with-guava/listenablefuture-9999.0-empty-to-avoid-conflict-with-guava.pom"
jarSha256 = "b372a037d4230aa57fbeffdef30fd6123f9c0c2db85d0aced00c91b974f33f99"
pomSha256 = "18d4b1db26153d4e55079ce1f76bb1fe05cdb862ef9954a88cbcc4ff38b8679b"
members = ["apps/jarproof"]
dependencies = []

[[package]]
id = "com.google.j2objc:j2objc-annotations"
version = "3.1"
source = "maven-central"
scope = "test"
direct = false
jar = "com/google/j2objc/j2objc-annotations/3.1/j2objc-annotations-3.1.jar"
pom = "com/google/j2objc/j2objc-annotations/3.1/j2objc-annotations-3.1.pom"
jarSha256 = "84d3a150518485f8140ea99b8a985656749629f6433c92b80c75b36aba3b099b"
pomSha256 = "14570838500034fc1b47c8205ce1c9d6b255c1ccdd2d1afdcdcbf75e89b24a33"
members = ["apps/jarproof"]
dependencies = []

[[package]]
id = "info.picocli:picocli-codegen"
version = "4.7.7"
source = "maven-central"
scope = "processor"
direct = true
jar = "info/picocli/picocli-codegen/4.7.7/picocli-codegen-4.7.7.jar"
pom = "info/picocli/picocli-codegen/4.7.7/picocli-codegen-4.7.7.pom"
jarSha256 = "6dae68232ce1d152b8e474d5bd1888d100bc8cea2ab9307a4e5aa04e1357d261"
pomSha256 = "26c800a3f6fb767e300ab2db17aaa1cf536cb84629a3d4756d540b9c1d01c12c"
members = ["apps/jarproof"]
dependencies = ["info.picocli:picocli:4.7.7:jar:processor"]

[[package]]
id = "info.picocli:picocli"
version = "4.7.7"
source = "maven-central"
scope = "compile"
direct = true
jar = "info/picocli/picocli/4.7.7/picocli-4.7.7.jar"
pom = "info/picocli/picocli/4.7.7/picocli-4.7.7.pom"
jarSha256 = "f86e30fffd10d2b13b8caa8d4b237a7ee61f2ffccf5b1941de718b765d235bf8"
pomSha256 = "1b18d363134df66631d2b9f7475068d734225ba389cdf9082a1bd8bda90d57d3"
members = ["apps/jarproof"]
dependencies = []

[[package]]
id = "info.picocli:picocli"
version = "4.7.7"
source = "maven-central"
scope = "processor"
direct = false
jar = "info/picocli/picocli/4.7.7/picocli-4.7.7.jar"
pom = "info/picocli/picocli/4.7.7/picocli-4.7.7.pom"
jarSha256 = "f86e30fffd10d2b13b8caa8d4b237a7ee61f2ffccf5b1941de718b765d235bf8"
pomSha256 = "1b18d363134df66631d2b9f7475068d734225ba389cdf9082a1bd8bda90d57d3"
members = ["apps/jarproof"]
dependencies = []

[[package]]
id = "io.netty:netty-buffer"
version = "4.1.118.Final"
source = "maven-central"
scope = "test"
direct = true
jar = "io/netty/netty-buffer/4.1.118.Final/netty-buffer-4.1.118.Final.jar"
pom = "io/netty/netty-buffer/4.1.118.Final/netty-buffer-4.1.118.Final.pom"
jarSha256 = "0eea4e8666a9636a28722661d8ba5fa8564477e75fec6dd2ff3e324e361f8b3c"
pomSha256 = "95cbe6e3e341ee49bcffd3257cf78fa5785e465b77a734bcfc2f93509d43fe64"
members = ["apps/jarproof"]
dependencies = ["io.netty:netty-common:4.1.118.Final:jar:test"]

[[package]]
id = "io.netty:netty-common"
version = "4.1.118.Final"
source = "maven-central"
scope = "test"
direct = false
jar = "io/netty/netty-common/4.1.118.Final/netty-common-4.1.118.Final.jar"
pom = "io/netty/netty-common/4.1.118.Final/netty-common-4.1.118.Final.pom"
jarSha256 = "65cce901ecf0f9d6591cc7750772614ab401a84415dc9aec9da4d046f0f9a77c"
pomSha256 = "34290415e3f7961b196f7637c82a617d1038112291b31cbbc47200d1da326e82"
members = ["apps/jarproof"]
dependencies = []

[[package]]
id = "org.apiguardian:apiguardian-api"
version = "1.1.2"
source = "maven-central"
scope = "test"
direct = false
jar = "org/apiguardian/apiguardian-api/1.1.2/apiguardian-api-1.1.2.jar"
pom = "org/apiguardian/apiguardian-api/1.1.2/apiguardian-api-1.1.2.pom"
jarSha256 = "b509448ac506d607319f182537f0b35d71007582ec741832a1f111e5b5b70b38"
pomSha256 = "32355081d109095c3d5d374d5a43b4f4c1b75d549e983ef50723e2772e5302a0"
members = ["apps/jarproof", "guardrails/jarproof-architecture-tests", "modules/jarproof-api", "modules/jarproof-engine"]
dependencies = []

[[package]]
id = "org.jacoco:org.jacoco.agent"
version = "0.8.14"
source = "maven-central"
scope = "tool-coverage"
direct = false
jar = "org/jacoco/org.jacoco.agent/0.8.14/org.jacoco.agent-0.8.14-runtime.jar"
pom = "org/jacoco/org.jacoco.agent/0.8.14/org.jacoco.agent-0.8.14.pom"
jarSha256 = "3fb76eea65f81bd9415202bab34b6571728841dff1ab8e6bbe81adc2e299face"
pomSha256 = "943e77ed5ccb99aeeb3fe5643fea5a636f6f828e3958f8605f426ddc9afab8c9"
members = ["apps/jarproof", "guardrails/jarproof-architecture-tests", "modules/jarproof-api", "modules/jarproof-engine"]
dependencies = []

[[package]]
id = "org.jacoco:org.jacoco.cli"
version = "0.8.14"
source = "maven-central"
scope = "tool-coverage"
direct = false
jar = "org/jacoco/org.jacoco.cli/0.8.14/org.jacoco.cli-0.8.14.jar"
pom = "org/jacoco/org.jacoco.cli/0.8.14/org.jacoco.cli-0.8.14.pom"
jarSha256 = "12d5d78351c638efeea71ac840f6a5cf7bcff89001ddb05eb89f956d1079a2c6"
pomSha256 = "240a1cdc87a5510fde23fbe14067589823b6b057d88e17a8b6fb984a4f54fbdd"
members = ["apps/jarproof", "guardrails/jarproof-architecture-tests", "modules/jarproof-api", "modules/jarproof-engine"]
dependencies = ["args4j:args4j:2.0.28:jar:tool-coverage", "org.jacoco:org.jacoco.core:0.8.14:jar:tool-coverage", "org.jacoco:org.jacoco.report:0.8.14:jar:tool-coverage"]

[[package]]
id = "org.jacoco:org.jacoco.core"
version = "0.8.14"
source = "maven-central"
scope = "tool-coverage"
direct = false
jar = "org/jacoco/org.jacoco.core/0.8.14/org.jacoco.core-0.8.14.jar"
pom = "org/jacoco/org.jacoco.core/0.8.14/org.jacoco.core-0.8.14.pom"
jarSha256 = "28abbf0eea5a08e4f24097f2fbac663ca17c341c25c3a04d90d6cd325943c995"
pomSha256 = "7b75bae2c1779af544369833afe1d68f5a3955e91d166cb19dff886534b1ad6c"
members = ["apps/jarproof", "guardrails/jarproof-architecture-tests", "modules/jarproof-api", "modules/jarproof-engine"]
dependencies = ["org.ow2.asm:asm-commons:9.9:jar:tool-coverage", "org.ow2.asm:asm-tree:9.9:jar:tool-coverage", "org.ow2.asm:asm:9.9:jar:tool-coverage"]

[[package]]
id = "org.jacoco:org.jacoco.report"
version = "0.8.14"
source = "maven-central"
scope = "tool-coverage"
direct = false
jar = "org/jacoco/org.jacoco.report/0.8.14/org.jacoco.report-0.8.14.jar"
pom = "org/jacoco/org.jacoco.report/0.8.14/org.jacoco.report-0.8.14.pom"
jarSha256 = "a3e2026060ab8b8d5c650706406234bb4c033dfd5376afeb8b1666e8ed27c453"
pomSha256 = "e2ebf2c580f86afa7f75f43a28109dd894c42463928bc9911777e35275108e58"
members = ["apps/jarproof", "guardrails/jarproof-architecture-tests", "modules/jarproof-api", "modules/jarproof-engine"]
dependencies = ["org.jacoco:org.jacoco.core:0.8.14:jar:tool-coverage"]

[[package]]
id = "org.jspecify:jspecify"
version = "1.0.0"
source = "maven-central"
scope = "test"
direct = false
jar = "org/jspecify/jspecify/1.0.0/jspecify-1.0.0.jar"
pom = "org/jspecify/jspecify/1.0.0/jspecify-1.0.0.pom"
jarSha256 = "1fad6e6be7557781e4d33729d49ae1cdc8fdda6fe477bb0cc68ce351eafdfbab"
pomSha256 = "cdab929a3b95211f43d2090c5e2d0dfe8465960e378bc32b35841dab324433a6"
members = ["apps/jarproof"]
dependencies = []

[[package]]
id = "org.junit.jupiter:junit-jupiter-api"
version = "5.14.4"
source = "maven-central"
scope = "test"
direct = false
jar = "org/junit/jupiter/junit-jupiter-api/5.14.4/junit-jupiter-api-5.14.4.jar"
pom = "org/junit/jupiter/junit-jupiter-api/5.14.4/junit-jupiter-api-5.14.4.pom"
jarSha256 = "aa1ae085fd92dfdbf85d867e60e59adc599bac183b46fc7e0698198bf426ad3f"
pomSha256 = "4c175189fd774dcd90cb23cfcab2ce9dbf2f5d0a16d7ef3702e7cfcd6411a762"
members = ["apps/jarproof", "guardrails/jarproof-architecture-tests", "modules/jarproof-api", "modules/jarproof-engine"]
dependencies = ["org.apiguardian:apiguardian-api:1.1.2:jar:test", "org.junit.platform:junit-platform-commons:1.14.4:jar:test", "org.opentest4j:opentest4j:1.3.0:jar:test"]

[[package]]
id = "org.junit.jupiter:junit-jupiter-engine"
version = "5.14.4"
source = "maven-central"
scope = "test"
direct = false
jar = "org/junit/jupiter/junit-jupiter-engine/5.14.4/junit-jupiter-engine-5.14.4.jar"
pom = "org/junit/jupiter/junit-jupiter-engine/5.14.4/junit-jupiter-engine-5.14.4.pom"
jarSha256 = "e1e35cf651ae1635638d431ea4412d5c65938be54150444f07ba659586042b11"
pomSha256 = "12329741c655ff5010a3d4758bb34b98e57ac8f971a6fa0fb872c6d60ab87e84"
members = ["apps/jarproof", "guardrails/jarproof-architecture-tests", "modules/jarproof-api", "modules/jarproof-engine"]
dependencies = ["org.apiguardian:apiguardian-api:1.1.2:jar:test", "org.junit.jupiter:junit-jupiter-api:5.14.4:jar:test", "org.junit.platform:junit-platform-engine:1.14.4:jar:test"]

[[package]]
id = "org.junit.jupiter:junit-jupiter-params"
version = "5.14.4"
source = "maven-central"
scope = "test"
direct = false
jar = "org/junit/jupiter/junit-jupiter-params/5.14.4/junit-jupiter-params-5.14.4.jar"
pom = "org/junit/jupiter/junit-jupiter-params/5.14.4/junit-jupiter-params-5.14.4.pom"
jarSha256 = "28f2a8dab5b9d259b18fa6b0ba5a6f302cbc70dd875f42032ea9e3afea09a870"
pomSha256 = "ab1a2b4bb5b74a4aeac1fd220ccf3ad60f279bb7a153b6b0b8232cd3ed81f62b"
members = ["apps/jarproof", "guardrails/jarproof-architecture-tests", "modules/jarproof-api", "modules/jarproof-engine"]
dependencies = ["org.apiguardian:apiguardian-api:1.1.2:jar:test", "org.junit.jupiter:junit-jupiter-api:5.14.4:jar:test"]

[[package]]
id = "org.junit.jupiter:junit-jupiter"
version = "5.14.4"
source = "maven-central"
scope = "test"
direct = true
jar = "org/junit/jupiter/junit-jupiter/5.14.4/junit-jupiter-5.14.4.jar"
pom = "org/junit/jupiter/junit-jupiter/5.14.4/junit-jupiter-5.14.4.pom"
jarSha256 = "a573c9a99af73e1889d1d3ed7e12067c85cff6a821b96a1916e5ccccc375ae58"
pomSha256 = "474487daaef15e3bf6a0a80b8388ed102ab6e6aa08432cb453d13d75968039d6"
members = ["apps/jarproof", "guardrails/jarproof-architecture-tests", "modules/jarproof-api", "modules/jarproof-engine"]
policies = ["managed-version: org.junit.jupiter:junit-jupiter -> 5.14.4 from org.junit:junit-bom:5.14.4"]
dependencies = ["org.junit.jupiter:junit-jupiter-api:5.14.4:jar:test", "org.junit.jupiter:junit-jupiter-engine:5.14.4:jar:test", "org.junit.jupiter:junit-jupiter-params:5.14.4:jar:test"]

[[package]]
id = "org.junit.platform:junit-platform-commons"
version = "1.14.4"
source = "maven-central"
scope = "test"
direct = false
jar = "org/junit/platform/junit-platform-commons/1.14.4/junit-platform-commons-1.14.4.jar"
pom = "org/junit/platform/junit-platform-commons/1.14.4/junit-platform-commons-1.14.4.pom"
jarSha256 = "55c8a0c069ac1bc4e1f8bbb26b5eae95cbd10e4ff1b23248441ab61a607381e1"
pomSha256 = "d77be81708cf9836db7a09908e6d9e4d94c527e090bd594cc4af06711b9d853d"
members = ["apps/jarproof", "guardrails/jarproof-architecture-tests", "modules/jarproof-api", "modules/jarproof-engine"]
dependencies = ["org.apiguardian:apiguardian-api:1.1.2:jar:test"]

[[package]]
id = "org.junit.platform:junit-platform-console"
version = "1.14.4"
source = "maven-central"
scope = "test"
direct = true
jar = "org/junit/platform/junit-platform-console/1.14.4/junit-platform-console-1.14.4.jar"
pom = "org/junit/platform/junit-platform-console/1.14.4/junit-platform-console-1.14.4.pom"
jarSha256 = "8fba295a9aaced613062b7a8486758b71418e1545a3775de8df9ed76cc062383"
pomSha256 = "c9b4f431a7590f6b3c3969fbf45c275708645c3016263106beb69e82e8c02a2d"
members = ["apps/jarproof", "guardrails/jarproof-architecture-tests", "modules/jarproof-api", "modules/jarproof-engine"]
policies = ["managed-version: org.junit.platform:junit-platform-console -> 1.14.4 from org.junit:junit-bom:5.14.4"]
dependencies = ["org.apiguardian:apiguardian-api:1.1.2:jar:test", "org.junit.platform:junit-platform-reporting:1.14.4:jar:test"]

[[package]]
id = "org.junit.platform:junit-platform-engine"
version = "1.14.4"
source = "maven-central"
scope = "test"
direct = false
jar = "org/junit/platform/junit-platform-engine/1.14.4/junit-platform-engine-1.14.4.jar"
pom = "org/junit/platform/junit-platform-engine/1.14.4/junit-platform-engine-1.14.4.pom"
jarSha256 = "3c7f3f84a6747aef0db6bd5fdd2a6c8fe37132e653c939bd67387377af66d91c"
pomSha256 = "180af15472ac69c91902fbbd210566e78a82fd6d34e63d3fbada687f51614e64"
members = ["apps/jarproof", "guardrails/jarproof-architecture-tests", "modules/jarproof-api", "modules/jarproof-engine"]
dependencies = ["org.apiguardian:apiguardian-api:1.1.2:jar:test", "org.junit.platform:junit-platform-commons:1.14.4:jar:test", "org.opentest4j:opentest4j:1.3.0:jar:test"]

[[package]]
id = "org.junit.platform:junit-platform-launcher"
version = "1.14.4"
source = "maven-central"
scope = "test"
direct = false
jar = "org/junit/platform/junit-platform-launcher/1.14.4/junit-platform-launcher-1.14.4.jar"
pom = "org/junit/platform/junit-platform-launcher/1.14.4/junit-platform-launcher-1.14.4.pom"
jarSha256 = "768d62f1b2a523713b702db53609c230af62bbd645fc2c07a7d794df4da32228"
pomSha256 = "1197a74ac2b4d71172f56cb9c4b09e54c001e6ae89f46a7873b38c6e6b608bd5"
members = ["apps/jarproof", "guardrails/jarproof-architecture-tests", "modules/jarproof-api", "modules/jarproof-engine"]
dependencies = ["org.apiguardian:apiguardian-api:1.1.2:jar:test", "org.junit.platform:junit-platform-engine:1.14.4:jar:test"]

[[package]]
id = "org.junit.platform:junit-platform-reporting"
version = "1.14.4"
source = "maven-central"
scope = "test"
direct = false
jar = "org/junit/platform/junit-platform-reporting/1.14.4/junit-platform-reporting-1.14.4.jar"
pom = "org/junit/platform/junit-platform-reporting/1.14.4/junit-platform-reporting-1.14.4.pom"
jarSha256 = "4a1d32f0f09d29f046ca51a81b8bfbc0f829392892672ea2e2cd530cd9c4b212"
pomSha256 = "351620364b21758391b24824f0061f000bb696974350279f3a61b0d72c726df8"
members = ["apps/jarproof", "guardrails/jarproof-architecture-tests", "modules/jarproof-api", "modules/jarproof-engine"]
dependencies = ["org.apiguardian:apiguardian-api:1.1.2:jar:test", "org.junit.platform:junit-platform-launcher:1.14.4:jar:test", "org.opentest4j.reporting:open-test-reporting-tooling-spi:0.2.3:jar:test"]

[[package]]
id = "org.opentest4j.reporting:open-test-reporting-tooling-spi"
version = "0.2.3"
source = "maven-central"
scope = "test"
direct = false
jar = "org/opentest4j/reporting/open-test-reporting-tooling-spi/0.2.3/open-test-reporting-tooling-spi-0.2.3.jar"
pom = "org/opentest4j/reporting/open-test-reporting-tooling-spi/0.2.3/open-test-reporting-tooling-spi-0.2.3.pom"
jarSha256 = "f0d54b46fb9e503b22abc65c45a48025aad16051903aaed11f6d974129f74252"
pomSha256 = "6d04814f58e754b695141930cd08ab270c3811afd7049ed17813ed62c0522cd3"
members = ["apps/jarproof", "guardrails/jarproof-architecture-tests", "modules/jarproof-api", "modules/jarproof-engine"]
dependencies = ["org.apiguardian:apiguardian-api:1.1.2:jar:test"]

[[package]]
id = "org.opentest4j:opentest4j"
version = "1.3.0"
source = "maven-central"
scope = "test"
direct = false
jar = "org/opentest4j/opentest4j/1.3.0/opentest4j-1.3.0.jar"
pom = "org/opentest4j/opentest4j/1.3.0/opentest4j-1.3.0.pom"
jarSha256 = "48e2df636cab6563ced64dcdff8abb2355627cb236ef0bf37598682ddf742f1b"
pomSha256 = "9bf7cffc410f3e8372c2522578df9ca56d9d43bd937e30948706c232a943b355"
members = ["apps/jarproof", "guardrails/jarproof-architecture-tests", "modules/jarproof-api", "modules/jarproof-engine"]
dependencies = []

[[package]]
id = "org.ow2.asm:asm-commons"
version = "9.9"
source = "maven-central"
scope = "tool-coverage"
direct = false
jar = "org/ow2/asm/asm-commons/9.9/asm-commons-9.9.jar"
pom = "org/ow2/asm/asm-commons/9.9/asm-commons-9.9.pom"
jarSha256 = "db2f6f26150bbe7c126606b4a1151836bcc22a1e05a423b3585698bece995ff8"
pomSha256 = "18a5d3ef1377e7544b3ca3210f261396b987f6010ef591d3872adae63119ee43"
members = ["apps/jarproof", "guardrails/jarproof-architecture-tests", "modules/jarproof-api", "modules/jarproof-engine"]
dependencies = ["org.ow2.asm:asm-tree:9.9:jar:tool-coverage", "org.ow2.asm:asm:9.9:jar:tool-coverage"]

[[package]]
id = "org.ow2.asm:asm-tree"
version = "9.9"
source = "maven-central"
scope = "tool-coverage"
direct = false
jar = "org/ow2/asm/asm-tree/9.9/asm-tree-9.9.jar"
pom = "org/ow2/asm/asm-tree/9.9/asm-tree-9.9.pom"
jarSha256 = "42178f3775c9c63f9e5e1446747d29b4eca4d91bd6e75e5c43cfa372a47d38c6"
pomSha256 = "d01788ed8e6e8e24acaf6cb4a7bdcc2733416252faa00232959e3e2e9df1bf44"
members = ["apps/jarproof", "guardrails/jarproof-architecture-tests", "modules/jarproof-api", "modules/jarproof-engine"]
dependencies = ["org.ow2.asm:asm:9.9:jar:tool-coverage"]

[[package]]
id = "org.ow2.asm:asm"
version = "9.9"
source = "maven-central"
scope = "compile"
direct = true
jar = "org/ow2/asm/asm/9.9/asm-9.9.jar"
pom = "org/ow2/asm/asm/9.9/asm-9.9.pom"
jarSha256 = "03d99a74ad1ee5c71334ef67437f4ef4fe3488caa7c96d8645abc73c8e2017d4"
pomSha256 = "cf861ef1e745d57154af79ae14df340ed5341e5dcd0157cefcd2eb7f1aa05c57"
members = ["modules/jarproof-engine"]
dependencies = []

[[package]]
id = "org.ow2.asm:asm"
version = "9.9"
source = "maven-central"
scope = "tool-coverage"
direct = false
jar = "org/ow2/asm/asm/9.9/asm-9.9.jar"
pom = "org/ow2/asm/asm/9.9/asm-9.9.pom"
jarSha256 = "03d99a74ad1ee5c71334ef67437f4ef4fe3488caa7c96d8645abc73c8e2017d4"
pomSha256 = "cf861ef1e745d57154af79ae14df340ed5341e5dcd0157cefcd2eb7f1aa05c57"
members = ["apps/jarproof", "guardrails/jarproof-architecture-tests", "modules/jarproof-api", "modules/jarproof-engine"]
dependencies = []

[[package]]
id = "sh.zolt:jarproof-api"
version = "0.0.1-SNAPSHOT"
source = "workspace"
scope = "compile"
direct = true
workspace = "modules/jarproof-api"
workspaceOutput = "target/classes"
members = ["apps/jarproof", "modules/jarproof-engine"]
dependencies = []

[[package]]
id = "sh.zolt:jarproof-api"
version = "0.0.1-SNAPSHOT"
source = "workspace"
scope = "test"
direct = true
workspace = "modules/jarproof-api"
workspaceOutput = "target/classes"
members = ["guardrails/jarproof-architecture-tests"]
dependencies = []

[[package]]
id = "sh.zolt:jarproof-engine"
version = "0.0.1-SNAPSHOT"
source = "workspace"
scope = "compile"
direct = true
workspace = "modules/jarproof-engine"
workspaceOutput = "target/classes"
members = ["apps/jarproof"]
dependencies = ["org.ow2.asm:asm:9.9:jar:compile"]

[[package]]
id = "sh.zolt:jarproof-fixture-class-to-interface-api-v1"
version = "0.0.1-SNAPSHOT"
source = "workspace"
scope = "compile"
direct = true
workspace = "fixtures/class-to-interface-api-v1"
workspaceOutput = "target/classes"
members = ["fixtures/class-to-interface-consumer"]
dependencies = []

[[package]]
id = "sh.zolt:jarproof-fixture-inaccessible-api-v1"
version = "0.0.1-SNAPSHOT"
source = "workspace"
scope = "compile"
direct = true
workspace = "fixtures/inaccessible-api-v1"
workspaceOutput = "target/classes"
members = ["fixtures/inaccessible-consumer"]
dependencies = []

[[package]]
id = "sh.zolt:jarproof-fixture-lambda-target-api-v1"
version = "0.0.1-SNAPSHOT"
source = "workspace"
scope = "compile"
direct = true
workspace = "fixtures/lambda-target-api-v1"
workspaceOutput = "target/classes"
members = ["fixtures/lambda-target-consumer"]
dependencies = []

[[package]]
id = "sh.zolt:jarproof-fixture-missing-class-api-v1"
version = "0.0.1-SNAPSHOT"
source = "workspace"
scope = "compile"
direct = true
workspace = "fixtures/missing-class-api-v1"
workspaceOutput = "target/classes"
members = ["fixtures/missing-class-consumer"]
dependencies = []

[[package]]
id = "sh.zolt:jarproof-fixture-missing-field-api-v1"
version = "0.0.1-SNAPSHOT"
source = "workspace"
scope = "compile"
direct = true
workspace = "fixtures/missing-field-api-v1"
workspaceOutput = "target/classes"
members = ["fixtures/missing-field-consumer"]
dependencies = []

[[package]]
id = "sh.zolt:jarproof-fixture-missing-method-api-v1"
version = "0.0.1-SNAPSHOT"
source = "workspace"
scope = "compile"
direct = true
workspace = "fixtures/missing-method-api-v1"
workspaceOutput = "target/classes"
members = ["fixtures/missing-method-consumer"]
dependencies = []

[[package]]
id = "sh.zolt:jarproof-fixture-service-api"
version = "0.0.1-SNAPSHOT"
source = "workspace"
scope = "compile"
direct = true
workspace = "fixtures/service-api"
workspaceOutput = "target/classes"
members = ["fixtures/bad-service-provider"]
dependencies = []

[[package]]
id = "sh.zolt:jarproof-fixture-static-instance-flip-api-v1"
version = "0.0.1-SNAPSHOT"
source = "workspace"
scope = "compile"
direct = true
workspace = "fixtures/static-instance-flip-api-v1"
workspaceOutput = "target/classes"
members = ["fixtures/static-instance-flip-consumer"]
dependencies = []

[[toolchain.java]]
id = "java-graalvm-community-25-native-image"
request.version = "25"
request.distribution = "graalvm-community"
request.features = ["native-image"]
request.policy = "require-managed"
platform.os = "linux"
platform.arch = "x64"
resolved.version = "25.0.2"
resolved.distribution = "graalvm-community"
artifact.catalog = "github:graalvm/graalvm-ce-builds@jdk-25.0.2"
artifact.uri = "https://github.com/graalvm/graalvm-ce-builds/releases/download/jdk-25.0.2/graalvm-community-jdk-25.0.2_linux-x64_bin.tar.gz"
artifact.sha256 = "e0be791c8fda4d03b6b0a0cb824fef3149736170057b3a515252b44419606af0"
layout.javaHome = "."
layout.executables.java = "bin/java"
layout.executables.javac = "bin/javac"
layout.executables.jar = "bin/jar"
layout.executables.nativeImage = "lib/svm/bin/native-image"

[[toolchain.java]]
id = "java-graalvm-community-25-native-image"
request.version = "25"
request.distribution = "graalvm-community"
request.features = ["native-image"]
request.policy = "require-managed"
platform.os = "linux"
platform.arch = "aarch64"
resolved.version = "25.0.2"
resolved.distribution = "graalvm-community"
artifact.catalog = "github:graalvm/graalvm-ce-builds@jdk-25.0.2"
artifact.uri = "https://github.com/graalvm/graalvm-ce-builds/releases/download/jdk-25.0.2/graalvm-community-jdk-25.0.2_linux-aarch64_bin.tar.gz"
artifact.sha256 = "b4580d9f223d0a4b3a1757e58b18ff4c1db950e67e105fc5cb741457d2384a71"
layout.javaHome = "."
layout.executables.java = "bin/java"
layout.executables.javac = "bin/javac"
layout.executables.jar = "bin/jar"
layout.executables.nativeImage = "lib/svm/bin/native-image"

[[toolchain.java]]
id = "java-graalvm-community-25-native-image"
request.version = "25"
request.distribution = "graalvm-community"
request.features = ["native-image"]
request.policy = "require-managed"
platform.os = "macos"
platform.arch = "aarch64"
resolved.version = "25.0.2"
resolved.distribution = "graalvm-community"
artifact.catalog = "github:graalvm/graalvm-ce-builds@jdk-25.0.2"
artifact.uri = "https://github.com/graalvm/graalvm-ce-builds/releases/download/jdk-25.0.2/graalvm-community-jdk-25.0.2_macos-aarch64_bin.tar.gz"
artifact.sha256 = "50201fb8e8e653e7a253d955877a6b6ad634b42e60c84f45df7e1bb51361635f"
layout.javaHome = "Contents/Home"
layout.executables.java = "bin/java"
layout.executables.javac = "bin/javac"
layout.executables.jar = "bin/jar"
layout.executables.nativeImage = "lib/svm/bin/native-image"
