version = 5
projectResolutionFingerprint = "sha256:518c58c35c2af9ceaae7ea16c8933dd83b8e62ddad95ea5647900bb13c66d049"
projectResolutionInputFingerprints = ["dependencies.compile.workspace=sha256:9f3dc632662d9dd2d8d02897640477a46405bcd873ca89a6b4da7b58b435faef", "dependencies.compile=sha256:14b0ae3082c96ddf73e90f0e1759bd0b5d435e4d85db0311e55579afd24ae383", "dependencies.test.workspace=sha256:9fc2d1e7c8f27ced91d0c34c2192c6ead83f195b9bd01f3e73ae014d956abbb9", "dependencies.test=sha256:c46db0c9b0f5fa2f3b1d01522c522a52aa81fe5f6921699a4a00d3562c2dfd0e", "framework.quarkus=sha256:e447fbb929f622fe6ee07267964cac8f31c0b3380d4a50b4733eba2ce094aab7", "framework.springBoot.native=sha256:eca2c053afaa9daa892c9a7dcb80c431439356de3724b3841f7ee18500069c37", "java=sha256:c1adb06b3a7fb842c3dfa607044682ab687294d5b45674d39b5c131691f81004", "package=sha256:c41965c38d94cf655f518cb53f00195dfc234005ffdba352c937430ea8f66339", "repositories=sha256:dcc5f3af1b99c8072c1647da662789806a8f0d81dbdb0428ac7ffde8a95ad172", "schema=sha256:40b669a1a6a7815062385f7fc502e7d61bc67947596fd4e7df7790f8759762d5"]

[[package]]
id = "args4j:args4j"
version = "2.0.28"
source = "maven-central"
scope = "tool-coverage"
direct = false
jar = "args4j/args4j/2.0.28/args4j-2.0.28.jar"
pom = "args4j/args4j/2.0.28/args4j-2.0.28.pom"
jarSha256 = "11b029a602e787e2bc08eb3b77eda1a4f5e8b263d22e3c5d6220cd5c51f30b18"
pomSha256 = "1f821c93660b7fa573692c305ca97092eab647cefeccfcb3f54771117c3737d3"
members = ["apps/jarproof", "fixtures/bad-service-provider", "fixtures/class-to-interface-api-v1", "fixtures/class-to-interface-api-v2", "fixtures/class-to-interface-consumer", "fixtures/duplicate-class-a", "fixtures/duplicate-class-b", "fixtures/inaccessible-api-v1", "fixtures/inaccessible-api-v2", "fixtures/inaccessible-consumer", "fixtures/lambda-target-api-v1", "fixtures/lambda-target-api-v2", "fixtures/lambda-target-consumer", "fixtures/method-handle-poly", "fixtures/missing-class-api-v1", "fixtures/missing-class-api-v2", "fixtures/missing-class-consumer", "fixtures/missing-field-api-v1", "fixtures/missing-field-api-v2", "fixtures/missing-field-consumer", "fixtures/missing-method-api-v1", "fixtures/missing-method-api-v2", "fixtures/missing-method-consumer", "fixtures/nestmates", "fixtures/newer-bytecode", "fixtures/service-api", "fixtures/split-package-a", "fixtures/split-package-b", "fixtures/static-instance-flip-api-v1", "fixtures/static-instance-flip-api-v2", "fixtures/static-instance-flip-consumer", "guardrails/jarproof-architecture-tests", "modules/jarproof-api", "modules/jarproof-engine"]
dependencies = []

[[package]]
id = "com.fasterxml.jackson.core:jackson-annotations"
version = "2.18.3"
source = "maven-central"
scope = "test"
direct = false
jar = "com/fasterxml/jackson/core/jackson-annotations/2.18.3/jackson-annotations-2.18.3.jar"
pom = "com/fasterxml/jackson/core/jackson-annotations/2.18.3/jackson-annotations-2.18.3.pom"
jarSha256 = "8aa5740d80b5a5025508b41bbadbaa1fb3772267c628b2e30681a4f45f8b8931"
pomSha256 = "b9c98ba9e29ea61b693d4c8c801968feaae220b2b2002364a7bcec524998384b"
members = ["apps/jarproof"]
dependencies = []

[[package]]
id = "com.fasterxml.jackson.core:jackson-core"
version = "2.18.3"
source = "maven-central"
scope = "test"
direct = false
jar = "com/fasterxml/jackson/core/jackson-core/2.18.3/jackson-core-2.18.3.jar"
pom = "com/fasterxml/jackson/core/jackson-core/2.18.3/jackson-core-2.18.3.pom"
jarSha256 = "056bc4d3e5e53ce821450fa97b3f9e0f8dde125cf6da6884353bb1f09582e1d9"
pomSha256 = "37dc6b8f6391a4709ac215ca98fa2341c6dd65613c2277d96a4fd82a2f50e3c9"
members = ["apps/jarproof"]
dependencies = []

[[package]]
id = "com.fasterxml.jackson.core:jackson-databind"
version = "2.18.3"
source = "maven-central"
scope = "test"
direct = true
jar = "com/fasterxml/jackson/core/jackson-databind/2.18.3/jackson-databind-2.18.3.jar"
pom = "com/fasterxml/jackson/core/jackson-databind/2.18.3/jackson-databind-2.18.3.pom"
jarSha256 = "510bdda75a7a6186c5bf33b851239488a1450906ae5757121f2e1cc48a7e108f"
pomSha256 = "e58f48ac14e4dbd48595d69e20bad35019ec1281514ef7ef155e18072ada617f"
members = ["apps/jarproof"]
dependencies = ["com.fasterxml.jackson.core:jackson-annotations:2.18.3:jar:test", "com.fasterxml.jackson.core:jackson-core:2.18.3:jar:test"]

[[package]]
id = "com.google.errorprone:error_prone_annotations"
version = "2.36.0"
source = "maven-central"
scope = "test"
direct = false
jar = "com/google/errorprone/error_prone_annotations/2.36.0/error_prone_annotations-2.36.0.jar"
pom = "com/google/errorprone/error_prone_annotations/2.36.0/error_prone_annotations-2.36.0.pom"
jarSha256 = "77440e270b0bc9a249903c5a076c36a722c4886ca4f42675f2903a1c53ed61a5"
pomSha256 = "d79cfd37c85f76d6b754c7501ee1dc8447b7b2642c2382d778252166bd331e9c"
members = ["apps/jarproof"]
dependencies = []

[[package]]
id = "com.google.guava:failureaccess"
version = "1.0.3"
source = "maven-central"
scope = "test"
direct = false
jar = "com/google/guava/failureaccess/1.0.3/failureaccess-1.0.3.jar"
pom = "com/google/guava/failureaccess/1.0.3/failureaccess-1.0.3.pom"
jarSha256 = "cbfc3906b19b8f55dd7cfd6dfe0aa4532e834250d7f080bd8d211a3e246b59cb"
pomSha256 = "c54beff37f6d42d43e14722d54a522c9ad51ef97fc5b79277e62a3ebf882f3bb"
members = ["apps/jarproof"]
dependencies = []

[[package]]
id = "com.google.guava:guava"
version = "33.4.8-jre"
source = "maven-central"
scope = "test"
direct = true
jar = "com/google/guava/guava/33.4.8-jre/guava-33.4.8-jre.jar"
pom = "com/google/guava/guava/33.4.8-jre/guava-33.4.8-jre.pom"
jarSha256 = "f3d7f57f67fd622f4d468dfdd692b3a5e3909246c28017ac3263405f0fe617ed"
pomSha256 = "04365d4b6ef22c8cf9349fe628069fc3e81a2c838351402ef4e95f9e757beebc"
members = ["apps/jarproof"]
dependencies = ["com.google.errorprone:error_prone_annotations:2.36.0:jar:test", "com.google.guava:failureaccess:1.0.3:jar:test", "com.google.guava:listenablefuture:9999.0-empty-to-avoid-conflict-with-guava:jar:test", "com.google.j2objc:j2objc-annotations:3.0.0:jar:test", "org.jspecify:jspecify:1.0.0:jar:test"]

[[package]]
id = "com.google.guava:listenablefuture"
version = "9999.0-empty-to-avoid-conflict-with-guava"
source = "maven-central"
scope = "test"
direct = false
jar = "com/google/guava/listenablefuture/9999.0-empty-to-avoid-conflict-with-guava/listenablefuture-9999.0-empty-to-avoid-conflict-with-guava.jar"
pom = "com/google/guava/listenablefuture/9999.0-empty-to-avoid-conflict-with-guava/listenablefuture-9999.0-empty-to-avoid-conflict-with-guava.pom"
jarSha256 = "b372a037d4230aa57fbeffdef30fd6123f9c0c2db85d0aced00c91b974f33f99"
pomSha256 = "18d4b1db26153d4e55079ce1f76bb1fe05cdb862ef9954a88cbcc4ff38b8679b"
members = ["apps/jarproof"]
dependencies = []

[[package]]
id = "com.google.j2objc:j2objc-annotations"
version = "3.0.0"
source = "maven-central"
scope = "test"
direct = false
jar = "com/google/j2objc/j2objc-annotations/3.0.0/j2objc-annotations-3.0.0.jar"
pom = "com/google/j2objc/j2objc-annotations/3.0.0/j2objc-annotations-3.0.0.pom"
jarSha256 = "88241573467ddca44ffd4d74aa04c2bbfd11bf7c17e0c342c94c9de7a70a7c64"
pomSha256 = "23b3d039e168ad89dd114698e6dd7be383f4a2c577b8877d82c73a6515e74a17"
members = ["apps/jarproof"]
dependencies = []

[[package]]
id = "info.picocli:picocli"
version = "4.7.6"
source = "maven-central"
scope = "compile"
direct = true
jar = "info/picocli/picocli/4.7.6/picocli-4.7.6.jar"
pom = "info/picocli/picocli/4.7.6/picocli-4.7.6.pom"
jarSha256 = "ed441183f309b93f104ca9e071e314a4062a893184e18a3c7ad72ec9cba12ba0"
pomSha256 = "2d2248cccf487ad9ce208dec751745df15cd1e1924a4cc3d36841b5f1990c6fb"
members = ["apps/jarproof"]
dependencies = []

[[package]]
id = "io.netty:netty-buffer"
version = "4.1.115.Final"
source = "maven-central"
scope = "test"
direct = true
jar = "io/netty/netty-buffer/4.1.115.Final/netty-buffer-4.1.115.Final.jar"
pom = "io/netty/netty-buffer/4.1.115.Final/netty-buffer-4.1.115.Final.pom"
jarSha256 = "4a7b331d3770c566ab70eb02a0d1feed63b95cf6e4d68c8fe778c4c9de2d116d"
pomSha256 = "94a3581ea9e4ffc385bb237960f68ef1e84089f164eae8629e8fd66d8aaf0139"
members = ["apps/jarproof"]
dependencies = ["io.netty:netty-common:4.1.115.Final:jar:test"]

[[package]]
id = "io.netty:netty-common"
version = "4.1.115.Final"
source = "maven-central"
scope = "test"
direct = false
jar = "io/netty/netty-common/4.1.115.Final/netty-common-4.1.115.Final.jar"
pom = "io/netty/netty-common/4.1.115.Final/netty-common-4.1.115.Final.pom"
jarSha256 = "39f1b5a2aaa4eab5d036dfd0486e35a4276df412e092d36b2d88b494705a134d"
pomSha256 = "6286361f5dd6a7b26c42909242bb8629e3aeec255ad0d3ff131bcb5152c31b21"
members = ["apps/jarproof"]
dependencies = []

[[package]]
id = "org.jacoco:org.jacoco.agent"
version = "0.8.14"
source = "maven-central"
scope = "tool-coverage"
direct = false
jar = "org/jacoco/org.jacoco.agent/0.8.14/org.jacoco.agent-0.8.14-runtime.jar"
pom = "org/jacoco/org.jacoco.agent/0.8.14/org.jacoco.agent-0.8.14.pom"
jarSha256 = "3fb76eea65f81bd9415202bab34b6571728841dff1ab8e6bbe81adc2e299face"
pomSha256 = "943e77ed5ccb99aeeb3fe5643fea5a636f6f828e3958f8605f426ddc9afab8c9"
members = ["apps/jarproof", "fixtures/bad-service-provider", "fixtures/class-to-interface-api-v1", "fixtures/class-to-interface-api-v2", "fixtures/class-to-interface-consumer", "fixtures/duplicate-class-a", "fixtures/duplicate-class-b", "fixtures/inaccessible-api-v1", "fixtures/inaccessible-api-v2", "fixtures/inaccessible-consumer", "fixtures/lambda-target-api-v1", "fixtures/lambda-target-api-v2", "fixtures/lambda-target-consumer", "fixtures/method-handle-poly", "fixtures/missing-class-api-v1", "fixtures/missing-class-api-v2", "fixtures/missing-class-consumer", "fixtures/missing-field-api-v1", "fixtures/missing-field-api-v2", "fixtures/missing-field-consumer", "fixtures/missing-method-api-v1", "fixtures/missing-method-api-v2", "fixtures/missing-method-consumer", "fixtures/nestmates", "fixtures/newer-bytecode", "fixtures/service-api", "fixtures/split-package-a", "fixtures/split-package-b", "fixtures/static-instance-flip-api-v1", "fixtures/static-instance-flip-api-v2", "fixtures/static-instance-flip-consumer", "guardrails/jarproof-architecture-tests", "modules/jarproof-api", "modules/jarproof-engine"]
dependencies = []

[[package]]
id = "org.jacoco:org.jacoco.cli"
version = "0.8.14"
source = "maven-central"
scope = "tool-coverage"
direct = false
jar = "org/jacoco/org.jacoco.cli/0.8.14/org.jacoco.cli-0.8.14.jar"
pom = "org/jacoco/org.jacoco.cli/0.8.14/org.jacoco.cli-0.8.14.pom"
jarSha256 = "12d5d78351c638efeea71ac840f6a5cf7bcff89001ddb05eb89f956d1079a2c6"
pomSha256 = "240a1cdc87a5510fde23fbe14067589823b6b057d88e17a8b6fb984a4f54fbdd"
members = ["apps/jarproof", "fixtures/bad-service-provider", "fixtures/class-to-interface-api-v1", "fixtures/class-to-interface-api-v2", "fixtures/class-to-interface-consumer", "fixtures/duplicate-class-a", "fixtures/duplicate-class-b", "fixtures/inaccessible-api-v1", "fixtures/inaccessible-api-v2", "fixtures/inaccessible-consumer", "fixtures/lambda-target-api-v1", "fixtures/lambda-target-api-v2", "fixtures/lambda-target-consumer", "fixtures/method-handle-poly", "fixtures/missing-class-api-v1", "fixtures/missing-class-api-v2", "fixtures/missing-class-consumer", "fixtures/missing-field-api-v1", "fixtures/missing-field-api-v2", "fixtures/missing-field-consumer", "fixtures/missing-method-api-v1", "fixtures/missing-method-api-v2", "fixtures/missing-method-consumer", "fixtures/nestmates", "fixtures/newer-bytecode", "fixtures/service-api", "fixtures/split-package-a", "fixtures/split-package-b", "fixtures/static-instance-flip-api-v1", "fixtures/static-instance-flip-api-v2", "fixtures/static-instance-flip-consumer", "guardrails/jarproof-architecture-tests", "modules/jarproof-api", "modules/jarproof-engine"]
dependencies = ["args4j:args4j:2.0.28:jar:tool-coverage", "org.jacoco:org.jacoco.core:0.8.14:jar:tool-coverage", "org.jacoco:org.jacoco.report:0.8.14:jar:tool-coverage"]

[[package]]
id = "org.jacoco:org.jacoco.core"
version = "0.8.14"
source = "maven-central"
scope = "tool-coverage"
direct = false
jar = "org/jacoco/org.jacoco.core/0.8.14/org.jacoco.core-0.8.14.jar"
pom = "org/jacoco/org.jacoco.core/0.8.14/org.jacoco.core-0.8.14.pom"
jarSha256 = "28abbf0eea5a08e4f24097f2fbac663ca17c341c25c3a04d90d6cd325943c995"
pomSha256 = "7b75bae2c1779af544369833afe1d68f5a3955e91d166cb19dff886534b1ad6c"
members = ["apps/jarproof", "fixtures/bad-service-provider", "fixtures/class-to-interface-api-v1", "fixtures/class-to-interface-api-v2", "fixtures/class-to-interface-consumer", "fixtures/duplicate-class-a", "fixtures/duplicate-class-b", "fixtures/inaccessible-api-v1", "fixtures/inaccessible-api-v2", "fixtures/inaccessible-consumer", "fixtures/lambda-target-api-v1", "fixtures/lambda-target-api-v2", "fixtures/lambda-target-consumer", "fixtures/method-handle-poly", "fixtures/missing-class-api-v1", "fixtures/missing-class-api-v2", "fixtures/missing-class-consumer", "fixtures/missing-field-api-v1", "fixtures/missing-field-api-v2", "fixtures/missing-field-consumer", "fixtures/missing-method-api-v1", "fixtures/missing-method-api-v2", "fixtures/missing-method-consumer", "fixtures/nestmates", "fixtures/newer-bytecode", "fixtures/service-api", "fixtures/split-package-a", "fixtures/split-package-b", "fixtures/static-instance-flip-api-v1", "fixtures/static-instance-flip-api-v2", "fixtures/static-instance-flip-consumer", "guardrails/jarproof-architecture-tests", "modules/jarproof-api", "modules/jarproof-engine"]
dependencies = ["org.ow2.asm:asm-commons:9.9:jar:tool-coverage", "org.ow2.asm:asm-tree:9.9:jar:tool-coverage", "org.ow2.asm:asm:9.9:jar:tool-coverage"]

[[package]]
id = "org.jacoco:org.jacoco.report"
version = "0.8.14"
source = "maven-central"
scope = "tool-coverage"
direct = false
jar = "org/jacoco/org.jacoco.report/0.8.14/org.jacoco.report-0.8.14.jar"
pom = "org/jacoco/org.jacoco.report/0.8.14/org.jacoco.report-0.8.14.pom"
jarSha256 = "a3e2026060ab8b8d5c650706406234bb4c033dfd5376afeb8b1666e8ed27c453"
pomSha256 = "e2ebf2c580f86afa7f75f43a28109dd894c42463928bc9911777e35275108e58"
members = ["apps/jarproof", "fixtures/bad-service-provider", "fixtures/class-to-interface-api-v1", "fixtures/class-to-interface-api-v2", "fixtures/class-to-interface-consumer", "fixtures/duplicate-class-a", "fixtures/duplicate-class-b", "fixtures/inaccessible-api-v1", "fixtures/inaccessible-api-v2", "fixtures/inaccessible-consumer", "fixtures/lambda-target-api-v1", "fixtures/lambda-target-api-v2", "fixtures/lambda-target-consumer", "fixtures/method-handle-poly", "fixtures/missing-class-api-v1", "fixtures/missing-class-api-v2", "fixtures/missing-class-consumer", "fixtures/missing-field-api-v1", "fixtures/missing-field-api-v2", "fixtures/missing-field-consumer", "fixtures/missing-method-api-v1", "fixtures/missing-method-api-v2", "fixtures/missing-method-consumer", "fixtures/nestmates", "fixtures/newer-bytecode", "fixtures/service-api", "fixtures/split-package-a", "fixtures/split-package-b", "fixtures/static-instance-flip-api-v1", "fixtures/static-instance-flip-api-v2", "fixtures/static-instance-flip-consumer", "guardrails/jarproof-architecture-tests", "modules/jarproof-api", "modules/jarproof-engine"]
dependencies = ["org.jacoco:org.jacoco.core:0.8.14:jar:tool-coverage"]

[[package]]
id = "org.jspecify:jspecify"
version = "1.0.0"
source = "maven-central"
scope = "test"
direct = false
jar = "org/jspecify/jspecify/1.0.0/jspecify-1.0.0.jar"
pom = "org/jspecify/jspecify/1.0.0/jspecify-1.0.0.pom"
jarSha256 = "1fad6e6be7557781e4d33729d49ae1cdc8fdda6fe477bb0cc68ce351eafdfbab"
pomSha256 = "cdab929a3b95211f43d2090c5e2d0dfe8465960e378bc32b35841dab324433a6"
members = ["apps/jarproof"]
dependencies = []

[[package]]
id = "org.junit.platform:junit-platform-console-standalone"
version = "1.11.4"
source = "maven-central"
scope = "test"
direct = true
jar = "org/junit/platform/junit-platform-console-standalone/1.11.4/junit-platform-console-standalone-1.11.4.jar"
pom = "org/junit/platform/junit-platform-console-standalone/1.11.4/junit-platform-console-standalone-1.11.4.pom"
jarSha256 = "b016ef6b1c3454d6d7c2c88ce081dabf289699686af6622d6e4e2e1b54b4a2fc"
pomSha256 = "f44619c18edb94360cc382e6baf943e9300625d1a0a949ee158977eace5713d1"
members = ["apps/jarproof", "fixtures/bad-service-provider", "fixtures/class-to-interface-api-v1", "fixtures/class-to-interface-api-v2", "fixtures/class-to-interface-consumer", "fixtures/duplicate-class-a", "fixtures/duplicate-class-b", "fixtures/inaccessible-api-v1", "fixtures/inaccessible-api-v2", "fixtures/inaccessible-consumer", "fixtures/lambda-target-api-v1", "fixtures/lambda-target-api-v2", "fixtures/lambda-target-consumer", "fixtures/method-handle-poly", "fixtures/missing-class-api-v1", "fixtures/missing-class-api-v2", "fixtures/missing-class-consumer", "fixtures/missing-field-api-v1", "fixtures/missing-field-api-v2", "fixtures/missing-field-consumer", "fixtures/missing-method-api-v1", "fixtures/missing-method-api-v2", "fixtures/missing-method-consumer", "fixtures/nestmates", "fixtures/newer-bytecode", "fixtures/service-api", "fixtures/split-package-a", "fixtures/split-package-b", "fixtures/static-instance-flip-api-v1", "fixtures/static-instance-flip-api-v2", "fixtures/static-instance-flip-consumer", "guardrails/jarproof-architecture-tests", "modules/jarproof-api", "modules/jarproof-engine"]
dependencies = []

[[package]]
id = "org.ow2.asm:asm-commons"
version = "9.9"
source = "maven-central"
scope = "tool-coverage"
direct = false
jar = "org/ow2/asm/asm-commons/9.9/asm-commons-9.9.jar"
pom = "org/ow2/asm/asm-commons/9.9/asm-commons-9.9.pom"
jarSha256 = "db2f6f26150bbe7c126606b4a1151836bcc22a1e05a423b3585698bece995ff8"
pomSha256 = "18a5d3ef1377e7544b3ca3210f261396b987f6010ef591d3872adae63119ee43"
members = ["apps/jarproof", "fixtures/bad-service-provider", "fixtures/class-to-interface-api-v1", "fixtures/class-to-interface-api-v2", "fixtures/class-to-interface-consumer", "fixtures/duplicate-class-a", "fixtures/duplicate-class-b", "fixtures/inaccessible-api-v1", "fixtures/inaccessible-api-v2", "fixtures/inaccessible-consumer", "fixtures/lambda-target-api-v1", "fixtures/lambda-target-api-v2", "fixtures/lambda-target-consumer", "fixtures/method-handle-poly", "fixtures/missing-class-api-v1", "fixtures/missing-class-api-v2", "fixtures/missing-class-consumer", "fixtures/missing-field-api-v1", "fixtures/missing-field-api-v2", "fixtures/missing-field-consumer", "fixtures/missing-method-api-v1", "fixtures/missing-method-api-v2", "fixtures/missing-method-consumer", "fixtures/nestmates", "fixtures/newer-bytecode", "fixtures/service-api", "fixtures/split-package-a", "fixtures/split-package-b", "fixtures/static-instance-flip-api-v1", "fixtures/static-instance-flip-api-v2", "fixtures/static-instance-flip-consumer", "guardrails/jarproof-architecture-tests", "modules/jarproof-api", "modules/jarproof-engine"]
dependencies = ["org.ow2.asm:asm-tree:9.9:jar:tool-coverage", "org.ow2.asm:asm:9.9:jar:tool-coverage"]

[[package]]
id = "org.ow2.asm:asm-tree"
version = "9.9"
source = "maven-central"
scope = "tool-coverage"
direct = false
jar = "org/ow2/asm/asm-tree/9.9/asm-tree-9.9.jar"
pom = "org/ow2/asm/asm-tree/9.9/asm-tree-9.9.pom"
jarSha256 = "42178f3775c9c63f9e5e1446747d29b4eca4d91bd6e75e5c43cfa372a47d38c6"
pomSha256 = "d01788ed8e6e8e24acaf6cb4a7bdcc2733416252faa00232959e3e2e9df1bf44"
members = ["apps/jarproof", "fixtures/bad-service-provider", "fixtures/class-to-interface-api-v1", "fixtures/class-to-interface-api-v2", "fixtures/class-to-interface-consumer", "fixtures/duplicate-class-a", "fixtures/duplicate-class-b", "fixtures/inaccessible-api-v1", "fixtures/inaccessible-api-v2", "fixtures/inaccessible-consumer", "fixtures/lambda-target-api-v1", "fixtures/lambda-target-api-v2", "fixtures/lambda-target-consumer", "fixtures/method-handle-poly", "fixtures/missing-class-api-v1", "fixtures/missing-class-api-v2", "fixtures/missing-class-consumer", "fixtures/missing-field-api-v1", "fixtures/missing-field-api-v2", "fixtures/missing-field-consumer", "fixtures/missing-method-api-v1", "fixtures/missing-method-api-v2", "fixtures/missing-method-consumer", "fixtures/nestmates", "fixtures/newer-bytecode", "fixtures/service-api", "fixtures/split-package-a", "fixtures/split-package-b", "fixtures/static-instance-flip-api-v1", "fixtures/static-instance-flip-api-v2", "fixtures/static-instance-flip-consumer", "guardrails/jarproof-architecture-tests", "modules/jarproof-api", "modules/jarproof-engine"]
dependencies = ["org.ow2.asm:asm:9.9:jar:tool-coverage"]

[[package]]
id = "org.ow2.asm:asm"
version = "9.9"
source = "maven-central"
scope = "compile"
direct = true
jar = "org/ow2/asm/asm/9.9/asm-9.9.jar"
pom = "org/ow2/asm/asm/9.9/asm-9.9.pom"
jarSha256 = "03d99a74ad1ee5c71334ef67437f4ef4fe3488caa7c96d8645abc73c8e2017d4"
pomSha256 = "cf861ef1e745d57154af79ae14df340ed5341e5dcd0157cefcd2eb7f1aa05c57"
members = ["modules/jarproof-engine"]
dependencies = []

[[package]]
id = "org.ow2.asm:asm"
version = "9.9"
source = "maven-central"
scope = "tool-coverage"
direct = false
jar = "org/ow2/asm/asm/9.9/asm-9.9.jar"
pom = "org/ow2/asm/asm/9.9/asm-9.9.pom"
jarSha256 = "03d99a74ad1ee5c71334ef67437f4ef4fe3488caa7c96d8645abc73c8e2017d4"
pomSha256 = "cf861ef1e745d57154af79ae14df340ed5341e5dcd0157cefcd2eb7f1aa05c57"
members = ["apps/jarproof", "fixtures/bad-service-provider", "fixtures/class-to-interface-api-v1", "fixtures/class-to-interface-api-v2", "fixtures/class-to-interface-consumer", "fixtures/duplicate-class-a", "fixtures/duplicate-class-b", "fixtures/inaccessible-api-v1", "fixtures/inaccessible-api-v2", "fixtures/inaccessible-consumer", "fixtures/lambda-target-api-v1", "fixtures/lambda-target-api-v2", "fixtures/lambda-target-consumer", "fixtures/method-handle-poly", "fixtures/missing-class-api-v1", "fixtures/missing-class-api-v2", "fixtures/missing-class-consumer", "fixtures/missing-field-api-v1", "fixtures/missing-field-api-v2", "fixtures/missing-field-consumer", "fixtures/missing-method-api-v1", "fixtures/missing-method-api-v2", "fixtures/missing-method-consumer", "fixtures/nestmates", "fixtures/newer-bytecode", "fixtures/service-api", "fixtures/split-package-a", "fixtures/split-package-b", "fixtures/static-instance-flip-api-v1", "fixtures/static-instance-flip-api-v2", "fixtures/static-instance-flip-consumer", "guardrails/jarproof-architecture-tests", "modules/jarproof-api", "modules/jarproof-engine"]
dependencies = []

[[package]]
id = "sh.zolt:jarproof-api"
version = "0.1.0-alpha.1-SNAPSHOT"
source = "workspace"
scope = "compile"
direct = true
workspace = "modules/jarproof-api"
workspaceOutput = "target/classes"
members = ["apps/jarproof", "modules/jarproof-engine"]
dependencies = []

[[package]]
id = "sh.zolt:jarproof-api"
version = "0.1.0-alpha.1-SNAPSHOT"
source = "workspace"
scope = "test"
direct = true
workspace = "modules/jarproof-api"
workspaceOutput = "target/classes"
members = ["guardrails/jarproof-architecture-tests"]
dependencies = []

[[package]]
id = "sh.zolt:jarproof-engine"
version = "0.1.0-alpha.1-SNAPSHOT"
source = "workspace"
scope = "compile"
direct = true
workspace = "modules/jarproof-engine"
workspaceOutput = "target/classes"
members = ["apps/jarproof"]
dependencies = ["org.ow2.asm:asm:9.9:jar:compile"]

[[package]]
id = "sh.zolt:jarproof-fixture-class-to-interface-api-v1"
version = "0.1.0-alpha.1-SNAPSHOT"
source = "workspace"
scope = "compile"
direct = true
workspace = "fixtures/class-to-interface-api-v1"
workspaceOutput = "target/classes"
members = ["fixtures/class-to-interface-consumer"]
dependencies = []

[[package]]
id = "sh.zolt:jarproof-fixture-inaccessible-api-v1"
version = "0.1.0-alpha.1-SNAPSHOT"
source = "workspace"
scope = "compile"
direct = true
workspace = "fixtures/inaccessible-api-v1"
workspaceOutput = "target/classes"
members = ["fixtures/inaccessible-consumer"]
dependencies = []

[[package]]
id = "sh.zolt:jarproof-fixture-lambda-target-api-v1"
version = "0.1.0-alpha.1-SNAPSHOT"
source = "workspace"
scope = "compile"
direct = true
workspace = "fixtures/lambda-target-api-v1"
workspaceOutput = "target/classes"
members = ["fixtures/lambda-target-consumer"]
dependencies = []

[[package]]
id = "sh.zolt:jarproof-fixture-missing-class-api-v1"
version = "0.1.0-alpha.1-SNAPSHOT"
source = "workspace"
scope = "compile"
direct = true
workspace = "fixtures/missing-class-api-v1"
workspaceOutput = "target/classes"
members = ["fixtures/missing-class-consumer"]
dependencies = []

[[package]]
id = "sh.zolt:jarproof-fixture-missing-field-api-v1"
version = "0.1.0-alpha.1-SNAPSHOT"
source = "workspace"
scope = "compile"
direct = true
workspace = "fixtures/missing-field-api-v1"
workspaceOutput = "target/classes"
members = ["fixtures/missing-field-consumer"]
dependencies = []

[[package]]
id = "sh.zolt:jarproof-fixture-missing-method-api-v1"
version = "0.1.0-alpha.1-SNAPSHOT"
source = "workspace"
scope = "compile"
direct = true
workspace = "fixtures/missing-method-api-v1"
workspaceOutput = "target/classes"
members = ["fixtures/missing-method-consumer"]
dependencies = []

[[package]]
id = "sh.zolt:jarproof-fixture-service-api"
version = "0.1.0-alpha.1-SNAPSHOT"
source = "workspace"
scope = "compile"
direct = true
workspace = "fixtures/service-api"
workspaceOutput = "target/classes"
members = ["fixtures/bad-service-provider"]
dependencies = []

[[package]]
id = "sh.zolt:jarproof-fixture-static-instance-flip-api-v1"
version = "0.1.0-alpha.1-SNAPSHOT"
source = "workspace"
scope = "compile"
direct = true
workspace = "fixtures/static-instance-flip-api-v1"
workspaceOutput = "target/classes"
members = ["fixtures/static-instance-flip-consumer"]
dependencies = []

[[toolchain.java]]
id = "java-graalvm-community-21-native-image"
request.version = "21"
request.distribution = "graalvm-community"
request.features = ["native-image"]
request.policy = "require-managed"
platform.os = "linux"
platform.arch = "x64"
resolved.version = "21.0.2"
resolved.distribution = "graalvm-community"
artifact.catalog = "builtin:java-graalvm-community-21-native-image"
artifact.uri = "https://github.com/graalvm/graalvm-ce-builds/releases/download/jdk-21.0.2/graalvm-community-jdk-21.0.2_linux-x64_bin.tar.gz"
artifact.sha256 = "b048069aaa3a99b84f5b957b162cc181a32a4330cbc35402766363c5be76ae48"
layout.javaHome = "."
layout.executables.java = "bin/java"
layout.executables.javac = "bin/javac"
layout.executables.jar = "bin/jar"
layout.executables.nativeImage = "lib/svm/bin/native-image"

[[toolchain.java]]
id = "java-graalvm-community-21-native-image"
request.version = "21"
request.distribution = "graalvm-community"
request.features = ["native-image"]
request.policy = "require-managed"
platform.os = "linux"
platform.arch = "aarch64"
resolved.version = "21.0.2"
resolved.distribution = "graalvm-community"
artifact.catalog = "builtin:java-graalvm-community-21-native-image"
artifact.uri = "https://github.com/graalvm/graalvm-ce-builds/releases/download/jdk-21.0.2/graalvm-community-jdk-21.0.2_linux-aarch64_bin.tar.gz"
artifact.sha256 = "a34be691ce68f0acf4655c7c6c63a9a49ed276a11859d7224fd94fc2f657cd7a"
layout.javaHome = "."
layout.executables.java = "bin/java"
layout.executables.javac = "bin/javac"
layout.executables.jar = "bin/jar"
layout.executables.nativeImage = "lib/svm/bin/native-image"

[[toolchain.java]]
id = "java-graalvm-community-21-native-image"
request.version = "21"
request.distribution = "graalvm-community"
request.features = ["native-image"]
request.policy = "require-managed"
platform.os = "macos"
platform.arch = "x64"
resolved.version = "21.0.2"
resolved.distribution = "graalvm-community"
artifact.catalog = "builtin:java-graalvm-community-21-native-image"
artifact.uri = "https://github.com/graalvm/graalvm-ce-builds/releases/download/jdk-21.0.2/graalvm-community-jdk-21.0.2_macos-x64_bin.tar.gz"
artifact.sha256 = "7a8aa93fa45d1721908477abf4732a32637d420ffcb66ada9fb6456440b0d9e1"
layout.javaHome = "Contents/Home"
layout.executables.java = "bin/java"
layout.executables.javac = "bin/javac"
layout.executables.jar = "bin/jar"
layout.executables.nativeImage = "lib/svm/bin/native-image"

[[toolchain.java]]
id = "java-graalvm-community-21-native-image"
request.version = "21"
request.distribution = "graalvm-community"
request.features = ["native-image"]
request.policy = "require-managed"
platform.os = "macos"
platform.arch = "aarch64"
resolved.version = "21.0.2"
resolved.distribution = "graalvm-community"
artifact.catalog = "builtin:java-graalvm-community-21-native-image"
artifact.uri = "https://github.com/graalvm/graalvm-ce-builds/releases/download/jdk-21.0.2/graalvm-community-jdk-21.0.2_macos-aarch64_bin.tar.gz"
artifact.sha256 = "515e3a93acc7e1938daba83eda4272e5495fd302d7cdd99ec7ebf408ed505ab7"
layout.javaHome = "Contents/Home"
layout.executables.java = "bin/java"
layout.executables.javac = "bin/javac"
layout.executables.jar = "bin/jar"
layout.executables.nativeImage = "lib/svm/bin/native-image"
